{
    "name": "secret-manager-client",
    "version": "0.0.3",
    "lockfileVersion": 2,
    "requires": true,
    "packages": {
        "": {
            "name": "secret-manager-client",
            "version": "0.0.3",
            "license": "Unlicense",
            "dependencies": {
                "secret-manager-crypto-utils": "^0.1.1",
                "thingy-byte-utils": "0.0.7",
                "thingy-network-base": "^0.0.1"
            }
        },
        "node_modules/@noble/ed25519": {
            "version": "1.7.0",
            "resolved": "https://registry.npmjs.org/@noble/ed25519/-/ed25519-1.7.0.tgz",
            "integrity": "sha512-LeAxFK0+181zQOhOUuKE8Jnd3duzYhDNd3iCLxpmzA5K+e4I1FdbrK3Ot0ZHBwZMeRD/6EojyUfTbpHZ+hkQHg==",
            "funding": [
                {
                    "type": "individual",
                    "url": "https://paulmillr.com/funding/"
                }
            ]
        },
        "node_modules/data-uri-to-buffer": {
            "version": "4.0.0",
            "resolved": "https://registry.npmjs.org/data-uri-to-buffer/-/data-uri-to-buffer-4.0.0.tgz",
            "integrity": "sha512-Vr3mLBA8qWmcuschSLAOogKgQ/Jwxulv3RNE4FXnYWRGujzrRWQI4m12fQqRkwX06C0KanhLr4hK+GydchZsaA==",
            "engines": {
                "node": ">= 12"
            }
        },
        "node_modules/fetch-blob": {
            "version": "3.2.0",
            "resolved": "https://registry.npmjs.org/fetch-blob/-/fetch-blob-3.2.0.tgz",
            "integrity": "sha512-7yAQpD2UMJzLi1Dqv7qFYnPbaPx7ZfFK6PiIxQ4PfkGPyNyl2Ugx+a/umUonmKqjhM4DnfbMvdX6otXq83soQQ==",
            "funding": [
                {
                    "type": "github",
                    "url": "https://github.com/sponsors/jimmywarting"
                },
                {
                    "type": "paypal",
                    "url": "https://paypal.me/jimmywarting"
                }
            ],
            "dependencies": {
                "node-domexception": "^1.0.0",
                "web-streams-polyfill": "^3.0.3"
            },
            "engines": {
                "node": "^12.20 || >= 14.13"
            }
        },
        "node_modules/formdata-polyfill": {
            "version": "4.0.10",
            "resolved": "https://registry.npmjs.org/formdata-polyfill/-/formdata-polyfill-4.0.10.tgz",
            "integrity": "sha512-buewHzMvYL29jdeQTVILecSaZKnt/RJWjoZCF5OW60Z67/GmSLBkOFM7qh1PI3zFNtJbaZL5eQu1vLfazOwj4g==",
            "dependencies": {
                "fetch-blob": "^3.1.2"
            },
            "engines": {
                "node": ">=12.20.0"
            }
        },
        "node_modules/node-domexception": {
            "version": "1.0.0",
            "resolved": "https://registry.npmjs.org/node-domexception/-/node-domexception-1.0.0.tgz",
            "integrity": "sha512-/jKZoMpw0F8GRwl4/eLROPA3cfcXtLApP0QzLmUT/HuPCZWyB7IY9ZrMeKw2O/nFIqPQB3PVM9aYm0F312AXDQ==",
            "funding": [
                {
                    "type": "github",
                    "url": "https://github.com/sponsors/jimmywarting"
                },
                {
                    "type": "github",
                    "url": "https://paypal.me/jimmywarting"
                }
            ],
            "engines": {
                "node": ">=10.5.0"
            }
        },
        "node_modules/node-fetch": {
            "version": "3.2.10",
            "resolved": "https://registry.npmjs.org/node-fetch/-/node-fetch-3.2.10.tgz",
            "integrity": "sha512-MhuzNwdURnZ1Cp4XTazr69K0BTizsBroX7Zx3UgDSVcZYKF/6p0CBe4EUb/hLqmzVhl0UpYfgRljQ4yxE+iCxA==",
            "dependencies": {
                "data-uri-to-buffer": "^4.0.0",
                "fetch-blob": "^3.1.4",
                "formdata-polyfill": "^4.0.10"
            },
            "engines": {
                "node": "^12.20.0 || ^14.13.1 || >=16.0.0"
            },
            "funding": {
                "type": "opencollective",
                "url": "https://opencollective.com/node-fetch"
            }
        },
        "node_modules/secret-manager-crypto-utils": {
            "version": "0.1.1",
            "resolved": "https://registry.npmjs.org/secret-manager-crypto-utils/-/secret-manager-crypto-utils-0.1.1.tgz",
            "integrity": "sha512-vG4CkGs44bxn4AFAodwCUKe54bFKRRM8nTunqzr1zWAA659l+rMJMQItxHq5nTXnyGIS+vnqGkjyeBZZBRfZFg==",
            "dependencies": {
                "@noble/ed25519": "^1.6.0",
                "thingy-byte-utils": "0.0.7"
            }
        },
        "node_modules/thingy-byte-utils": {
            "version": "0.0.7",
            "resolved": "https://registry.npmjs.org/thingy-byte-utils/-/thingy-byte-utils-0.0.7.tgz",
            "integrity": "sha512-2ghUqTQI96WfuSkR+CuErQbVZglvPvTdZ4IyHB1O9tF7tdmsxYsSSs/K3Ax5U0TB4h9U4oslak/xps3mHpp2NA=="
        },
        "node_modules/thingy-network-base": {
            "version": "0.0.1",
            "resolved": "https://registry.npmjs.org/thingy-network-base/-/thingy-network-base-0.0.1.tgz",
            "integrity": "sha512-k+Y21FEfWzRhhqQwHZYVfv/yDWgxyYZNJZpoYhJme1Qt0vZmDsuQjYeP5M1FyBonO0YGrgthiH4NO3VcL/zHng==",
            "dependencies": {
                "node-fetch": "^3.2.3"
            }
        },
        "node_modules/web-streams-polyfill": {
            "version": "3.2.1",
            "resolved": "https://registry.npmjs.org/web-streams-polyfill/-/web-streams-polyfill-3.2.1.tgz",
            "integrity": "sha512-e0MO3wdXWKrLbL0DgGnUV7WHVuw9OUvL4hjgnPkIeEvESk74gAITi5G606JtZPp39cd8HA9VQzCIvA49LpPN5Q==",
            "engines": {
                "node": ">= 8"
            }
        }
    },
    "dependencies": {
        "@noble/ed25519": {
            "version": "1.7.0",
            "resolved": "https://registry.npmjs.org/@noble/ed25519/-/ed25519-1.7.0.tgz",
            "integrity": "sha512-LeAxFK0+181zQOhOUuKE8Jnd3duzYhDNd3iCLxpmzA5K+e4I1FdbrK3Ot0ZHBwZMeRD/6EojyUfTbpHZ+hkQHg=="
        },
        "data-uri-to-buffer": {
            "version": "4.0.0",
            "resolved": "https://registry.npmjs.org/data-uri-to-buffer/-/data-uri-to-buffer-4.0.0.tgz",
            "integrity": "sha512-Vr3mLBA8qWmcuschSLAOogKgQ/Jwxulv3RNE4FXnYWRGujzrRWQI4m12fQqRkwX06C0KanhLr4hK+GydchZsaA=="
        },
        "fetch-blob": {
            "version": "3.2.0",
            "resolved": "https://registry.npmjs.org/fetch-blob/-/fetch-blob-3.2.0.tgz",
            "integrity": "sha512-7yAQpD2UMJzLi1Dqv7qFYnPbaPx7ZfFK6PiIxQ4PfkGPyNyl2Ugx+a/umUonmKqjhM4DnfbMvdX6otXq83soQQ==",
            "requires": {
                "node-domexception": "^1.0.0",
                "web-streams-polyfill": "^3.0.3"
            }
        },
        "formdata-polyfill": {
            "version": "4.0.10",
            "resolved": "https://registry.npmjs.org/formdata-polyfill/-/formdata-polyfill-4.0.10.tgz",
            "integrity": "sha512-buewHzMvYL29jdeQTVILecSaZKnt/RJWjoZCF5OW60Z67/GmSLBkOFM7qh1PI3zFNtJbaZL5eQu1vLfazOwj4g==",
            "requires": {
                "fetch-blob": "^3.1.2"
            }
        },
        "node-domexception": {
            "version": "1.0.0",
            "resolved": "https://registry.npmjs.org/node-domexception/-/node-domexception-1.0.0.tgz",
            "integrity": "sha512-/jKZoMpw0F8GRwl4/eLROPA3cfcXtLApP0QzLmUT/HuPCZWyB7IY9ZrMeKw2O/nFIqPQB3PVM9aYm0F312AXDQ=="
        },
        "node-fetch": {
            "version": "3.2.10",
            "resolved": "https://registry.npmjs.org/node-fetch/-/node-fetch-3.2.10.tgz",
            "integrity": "sha512-MhuzNwdURnZ1Cp4XTazr69K0BTizsBroX7Zx3UgDSVcZYKF/6p0CBe4EUb/hLqmzVhl0UpYfgRljQ4yxE+iCxA==",
            "requires": {
                "data-uri-to-buffer": "^4.0.0",
                "fetch-blob": "^3.1.4",
                "formdata-polyfill": "^4.0.10"
            }
        },
        "secret-manager-crypto-utils": {
            "version": "0.1.1",
            "resolved": "https://registry.npmjs.org/secret-manager-crypto-utils/-/secret-manager-crypto-utils-0.1.1.tgz",
            "integrity": "sha512-vG4CkGs44bxn4AFAodwCUKe54bFKRRM8nTunqzr1zWAA659l+rMJMQItxHq5nTXnyGIS+vnqGkjyeBZZBRfZFg==",
            "requires": {
                "@noble/ed25519": "^1.6.0",
                "thingy-byte-utils": "0.0.7"
            }
        },
        "thingy-byte-utils": {
            "version": "0.0.7",
            "resolved": "https://registry.npmjs.org/thingy-byte-utils/-/thingy-byte-utils-0.0.7.tgz",
            "integrity": "sha512-2ghUqTQI96WfuSkR+CuErQbVZglvPvTdZ4IyHB1O9tF7tdmsxYsSSs/K3Ax5U0TB4h9U4oslak/xps3mHpp2NA=="
        },
        "thingy-network-base": {
            "version": "0.0.1",
            "resolved": "https://registry.npmjs.org/thingy-network-base/-/thingy-network-base-0.0.1.tgz",
            "integrity": "sha512-k+Y21FEfWzRhhqQwHZYVfv/yDWgxyYZNJZpoYhJme1Qt0vZmDsuQjYeP5M1FyBonO0YGrgthiH4NO3VcL/zHng==",
            "requires": {
                "node-fetch": "^3.2.3"
            }
        },
        "web-streams-polyfill": {
            "version": "3.2.1",
            "resolved": "https://registry.npmjs.org/web-streams-polyfill/-/web-streams-polyfill-3.2.1.tgz",
            "integrity": "sha512-e0MO3wdXWKrLbL0DgGnUV7WHVuw9OUvL4hjgnPkIeEvESk74gAITi5G606JtZPp39cd8HA9VQzCIvA49LpPN5Q=="
        }
    }
}
