{
  "name": "secret-manager-client",
  "version": "0.0.1",
  "lockfileVersion": 2,
  "requires": true,
  "packages": {
    "": {
      "name": "secret-manager-client",
      "version": "0.0.1",
      "license": "Unlicense",
      "dependencies": {
        "noble-ed25519": "^1.0.4",
        "node-fetch": "^2.6.1",
        "secret-manager-crypto-utils": "0.0.6",
        "thingy-byte-utils": "0.0.4"
      }
    },
    "node_modules/noble-ed25519": {
      "version": "1.0.4",
      "resolved": "https://registry.npmjs.org/noble-ed25519/-/noble-ed25519-1.0.4.tgz",
      "integrity": "sha512-Sp9F8ukrY5v9PZezW8Q8dI+tbIH5f6i4E2Alb7kPDPgsQA5CgsrM0BVyUoy06/CRH5QoN2QUOVZH+QIXgesNLQ=="
    },
    "node_modules/node-fetch": {
      "version": "2.6.1",
      "resolved": "https://registry.npmjs.org/node-fetch/-/node-fetch-2.6.1.tgz",
      "integrity": "sha512-V4aYg89jEoVRxRb2fJdAg8FHvI7cEyYdVAh94HH0UIK8oJxUfkjlDQN9RbMx+bEjP7+ggMiFRprSti032Oipxw==",
      "engines": {
        "node": "4.x || >=6.0.0"
      }
    },
    "node_modules/secret-manager-crypto-utils": {
      "version": "0.0.6",
      "resolved": "https://registry.npmjs.org/secret-manager-crypto-utils/-/secret-manager-crypto-utils-0.0.6.tgz",
      "integrity": "sha512-nP8FNYWca13GFEiMNqatxDGqiqW9EvnDXYD/E3o6vSzSb5zrDHddkMcE9p7Yaa/fXLSb0FSwYzBIJ6M1OWwoIw==",
      "dependencies": {
        "noble-ed25519": "^1.0.4",
        "thingy-byte-utils": "0.0.4"
      },
      "bin": {
        "temporaryFiles": "index.js"
      }
    },
    "node_modules/thingy-byte-utils": {
      "version": "0.0.4",
      "resolved": "https://registry.npmjs.org/thingy-byte-utils/-/thingy-byte-utils-0.0.4.tgz",
      "integrity": "sha512-KuybItBxAZqu/KLn7jwOxurfQ/g7x+kWAW9mlLpTB3j8Ot3dqepdWhp+xZC2z7kuiDrQooTeQfnTC01Gn1Ck8w=="
    }
  },
  "dependencies": {
    "noble-ed25519": {
      "version": "1.0.4",
      "resolved": "https://registry.npmjs.org/noble-ed25519/-/noble-ed25519-1.0.4.tgz",
      "integrity": "sha512-Sp9F8ukrY5v9PZezW8Q8dI+tbIH5f6i4E2Alb7kPDPgsQA5CgsrM0BVyUoy06/CRH5QoN2QUOVZH+QIXgesNLQ=="
    },
    "node-fetch": {
      "version": "2.6.1",
      "resolved": "https://registry.npmjs.org/node-fetch/-/node-fetch-2.6.1.tgz",
      "integrity": "sha512-V4aYg89jEoVRxRb2fJdAg8FHvI7cEyYdVAh94HH0UIK8oJxUfkjlDQN9RbMx+bEjP7+ggMiFRprSti032Oipxw=="
    },
    "secret-manager-crypto-utils": {
      "version": "0.0.6",
      "resolved": "https://registry.npmjs.org/secret-manager-crypto-utils/-/secret-manager-crypto-utils-0.0.6.tgz",
      "integrity": "sha512-nP8FNYWca13GFEiMNqatxDGqiqW9EvnDXYD/E3o6vSzSb5zrDHddkMcE9p7Yaa/fXLSb0FSwYzBIJ6M1OWwoIw==",
      "requires": {
        "noble-ed25519": "^1.0.4",
        "thingy-byte-utils": "0.0.4"
      }
    },
    "thingy-byte-utils": {
      "version": "0.0.4",
      "resolved": "https://registry.npmjs.org/thingy-byte-utils/-/thingy-byte-utils-0.0.4.tgz",
      "integrity": "sha512-KuybItBxAZqu/KLn7jwOxurfQ/g7x+kWAW9mlLpTB3j8Ot3dqepdWhp+xZC2z7kuiDrQooTeQfnTC01Gn1Ck8w=="
    }
  }
}
